PODS:
  - Flutter (1.0.0)
  - flutter_wifi_scan (0.0.1):
    - Flutter
  - permission_handler_apple (9.3.0):
    - Flutter

DEPENDENCIES:
  - Flutter (from `Flutter`)
  - flutter_wifi_scan (from `.symlinks/plugins/flutter_wifi_scan/ios`)
  - permission_handler_apple (from `.symlinks/plugins/permission_handler_apple/ios`)

EXTERNAL SOURCES:
  Flutter:
    :path: Flutter
  flutter_wifi_scan:
    :path: ".symlinks/plugins/flutter_wifi_scan/ios"
  permission_handler_apple:
    :path: ".symlinks/plugins/permission_handler_apple/ios"

SPEC CHECKSUMS:
  Flutter: cabc95a1d2626b1b06e7179b784ebcf0c0cde467
  flutter_wifi_scan: 1261e57c4ba192daff1b404c02fc7df8164d15ef
  permission_handler_apple: 9878588469a2b0d0fc1e048d9f43605f92e6cec2

PODFILE CHECKSUM: 2db4e0261f7de7a96d074acc756cfd758ccf7c4b

COCOAPODS: 1.16.2
