PODS:
  - Flutter (1.0.0)
  - flutter_http_speedtest (0.0.1):
    - Flutter
  - flutter_icmp_ping (0.0.1):
    - Flutter
  - integration_test (0.0.1):
    - Flutter
  - network_info_plus (0.0.1):
    - Flutter
  - permission_handler_apple (9.3.0):
    - Flutter

DEPENDENCIES:
  - Flutter (from `Flutter`)
  - flutter_http_speedtest (from `.symlinks/plugins/flutter_http_speedtest/ios`)
  - flutter_icmp_ping (from `.symlinks/plugins/flutter_icmp_ping/ios`)
  - integration_test (from `.symlinks/plugins/integration_test/ios`)
  - network_info_plus (from `.symlinks/plugins/network_info_plus/ios`)
  - permission_handler_apple (from `.symlinks/plugins/permission_handler_apple/ios`)

EXTERNAL SOURCES:
  Flutter:
    :path: Flutter
  flutter_http_speedtest:
    :path: ".symlinks/plugins/flutter_http_speedtest/ios"
  flutter_icmp_ping:
    :path: ".symlinks/plugins/flutter_icmp_ping/ios"
  integration_test:
    :path: ".symlinks/plugins/integration_test/ios"
  network_info_plus:
    :path: ".symlinks/plugins/network_info_plus/ios"
  permission_handler_apple:
    :path: ".symlinks/plugins/permission_handler_apple/ios"

SPEC CHECKSUMS:
  Flutter: cabc95a1d2626b1b06e7179b784ebcf0c0cde467
  flutter_http_speedtest: dbbd443b3c87bd62ad9aa25548ca47715c8e40fa
  flutter_icmp_ping: 2b159955eee0c487c766ad83fec224ae35e7c935
  integration_test: 252f60fa39af5e17c3aa9899d35d908a0721b573
  network_info_plus: 6613d9d7cdeb0e6f366ed4dbe4b3c51c52d567a9
  permission_handler_apple: 9878588469a2b0d0fc1e048d9f43605f92e6cec2

PODFILE CHECKSUM: 2db4e0261f7de7a96d074acc756cfd758ccf7c4b

COCOAPODS: 1.16.2
